
Microsoft Visual Studio Solution File, Format Version 12.00
# Visual Studio Version 17
VisualStudioVersion = 17.13.35507.96 d17.13
MinimumVisualStudioVersion = 10.0.40219.1
Project("{FAE04EC0-301F-11D3-BF4B-00C04F79EFBC}") = "AvinaShop", "AvinaShop.csproj", "{B753A0C2-2177-4268-AAA4-3250D54E4590}"
EndProject
Global
	GlobalSection(SolutionConfigurationPlatforms) = preSolution
		Debug|Any CPU = Debug|Any CPU
		Release|Any CPU = Release|Any CPU
	EndGlobalSection
	GlobalSection(ProjectConfigurationPlatforms) = postSolution
		{B753A0C2-2177-4268-AAA4-3250D54E4590}.Debug|Any CPU.ActiveCfg = Debug|Any CPU
		{B753A0C2-2177-4268-AAA4-3250D54E4590}.Debug|Any CPU.Build.0 = Debug|Any CPU
		{B753A0C2-2177-4268-AAA4-3250D54E4590}.Release|Any CPU.ActiveCfg = Release|Any CPU
		{B753A0C2-2177-4268-AAA4-3250D54E4590}.Release|Any CPU.Build.0 = Release|Any CPU
	EndGlobalSection
	GlobalSection(SolutionProperties) = preSolution
		HideSolutionNode = FALSE
	EndGlobalSection
	GlobalSection(ExtensibilityGlobals) = postSolution
		SolutionGuid = {1D9596FA-7C9A-422B-9785-C45A9FD6B34E}
	EndGlobalSection
EndGlobal
